
Microsoft Visual Studio Solution File, Format Version 12.00
Project("{FAE04EC0-301F-11D3-BF4B-00C04F79EFBC}") = "AntDesignRepro", "AntDesignRepro\AntDesignRepro.csproj", "{DBFA12F7-4FF3-4BFB-A86D-D5A0B757B92D}"
EndProject
Global
	GlobalSection(SolutionConfigurationPlatforms) = preSolution
		Debug|Any CPU = Debug|Any CPU
		Release|Any CPU = Release|Any CPU
	EndGlobalSection
	GlobalSection(ProjectConfigurationPlatforms) = postSolution
		{DBFA12F7-4FF3-4BFB-A86D-D5A0B757B92D}.Debug|Any CPU.ActiveCfg = Debug|Any CPU
		{DBFA12F7-4FF3-4BFB-A86D-D5A0B757B92D}.Debug|Any CPU.Build.0 = Debug|Any CPU
		{DBFA12F7-4FF3-4BFB-A86D-D5A0B757B92D}.Release|Any CPU.ActiveCfg = Release|Any CPU
		{DBFA12F7-4FF3-4BFB-A86D-D5A0B757B92D}.Release|Any CPU.Build.0 = Release|Any CPU
	EndGlobalSection
EndGlobal
